# This file is autogenerated, do not edit; changes may be undone by the next 'dep ensure'.


[[projects]]
  name = "github.com/aellwein/slf4go"
  packages = ["."]
  revision = "55c731e170cd266f95645cf2e6fcee7718234e07"
  version = "v0.2"

[solve-meta]
  analyzer-name = "dep"
  analyzer-version = 1
  inputs-digest = "c910d0d01f8a3bdf7a83934df4dde3431c484cc609bd208385d5610a8dac5ac6"
  solver-name = "gps-cdcl"
  solver-version = 1
